
Microsoft Visual Studio Solution File, Format Version 12.00
# Visual Studio Version 16
VisualStudioVersion = 16.0.30717.126
MinimumVisualStudioVersion = 15.0.26124.0
Project("{2150E333-8FDC-42A3-9474-1A3956D46DE8}") = "src", "src", "{851C0A16-DCD2-42E7-B2E9-0D4834E58644}"
EndProject
Project("{9A19103F-16F7-4668-BE54-9A1E7A4F7556}") = "Codecool.LinqLeague", "src\Codecool.LinqLeague\Codecool.LinqLeague.csproj", "{64CE6E24-7B09-41E5-8AB5-6C4D5ED2F681}"
EndProject
Project("{2150E333-8FDC-42A3-9474-1A3956D46DE8}") = "tests", "tests", "{0274437F-95AE-454D-A5EE-F4F8A0A308EE}"
EndProject
Project("{9A19103F-16F7-4668-BE54-9A1E7A4F7556}") = "Codecool.LinqLeague.UnitTests", "tests\Codecool.LinqLeague.UnitTests\Codecool.LinqLeague.UnitTests.csproj", "{44611DB1-3A4F-4F8F-8A5F-F57E2ABDA90C}"
EndProject
Project("{2150E333-8FDC-42A3-9474-1A3956D46DE8}") = "Solution Items", "Solution Items", "{89DA300D-F6ED-4DB2-A42D-C05A8DBACD21}"
	ProjectSection(SolutionItems) = preProject
		data\CityNames.txt = data\CityNames.txt
		data\PlayerNames.txt = data\PlayerNames.txt
		data\TeamNames.txt = data\TeamNames.txt
	EndProjectSection
EndProject
Global
	GlobalSection(SolutionConfigurationPlatforms) = preSolution
		Debug|Any CPU = Debug|Any CPU
		Debug|x64 = Debug|x64
		Debug|x86 = Debug|x86
		Release|Any CPU = Release|Any CPU
		Release|x64 = Release|x64
		Release|x86 = Release|x86
	EndGlobalSection
	GlobalSection(ProjectConfigurationPlatforms) = postSolution
		{64CE6E24-7B09-41E5-8AB5-6C4D5ED2F681}.Debug|Any CPU.ActiveCfg = Debug|Any CPU
		{64CE6E24-7B09-41E5-8AB5-6C4D5ED2F681}.Debug|Any CPU.Build.0 = Debug|Any CPU
		{64CE6E24-7B09-41E5-8AB5-6C4D5ED2F681}.Debug|x64.ActiveCfg = Debug|Any CPU
		{64CE6E24-7B09-41E5-8AB5-6C4D5ED2F681}.Debug|x64.Build.0 = Debug|Any CPU
		{64CE6E24-7B09-41E5-8AB5-6C4D5ED2F681}.Debug|x86.ActiveCfg = Debug|Any CPU
		{64CE6E24-7B09-41E5-8AB5-6C4D5ED2F681}.Debug|x86.Build.0 = Debug|Any CPU
		{64CE6E24-7B09-41E5-8AB5-6C4D5ED2F681}.Release|Any CPU.ActiveCfg = Release|Any CPU
		{64CE6E24-7B09-41E5-8AB5-6C4D5ED2F681}.Release|Any CPU.Build.0 = Release|Any CPU
		{64CE6E24-7B09-41E5-8AB5-6C4D5ED2F681}.Release|x64.ActiveCfg = Release|Any CPU
		{64CE6E24-7B09-41E5-8AB5-6C4D5ED2F681}.Release|x64.Build.0 = Release|Any CPU
		{64CE6E24-7B09-41E5-8AB5-6C4D5ED2F681}.Release|x86.ActiveCfg = Release|Any CPU
		{64CE6E24-7B09-41E5-8AB5-6C4D5ED2F681}.Release|x86.Build.0 = Release|Any CPU
		{44611DB1-3A4F-4F8F-8A5F-F57E2ABDA90C}.Debug|Any CPU.ActiveCfg = Debug|Any CPU
		{44611DB1-3A4F-4F8F-8A5F-F57E2ABDA90C}.Debug|Any CPU.Build.0 = Debug|Any CPU
		{44611DB1-3A4F-4F8F-8A5F-F57E2ABDA90C}.Debug|x64.ActiveCfg = Debug|Any CPU
		{44611DB1-3A4F-4F8F-8A5F-F57E2ABDA90C}.Debug|x64.Build.0 = Debug|Any CPU
		{44611DB1-3A4F-4F8F-8A5F-F57E2ABDA90C}.Debug|x86.ActiveCfg = Debug|Any CPU
		{44611DB1-3A4F-4F8F-8A5F-F57E2ABDA90C}.Debug|x86.Build.0 = Debug|Any CPU
		{44611DB1-3A4F-4F8F-8A5F-F57E2ABDA90C}.Release|Any CPU.ActiveCfg = Release|Any CPU
		{44611DB1-3A4F-4F8F-8A5F-F57E2ABDA90C}.Release|Any CPU.Build.0 = Release|Any CPU
		{44611DB1-3A4F-4F8F-8A5F-F57E2ABDA90C}.Release|x64.ActiveCfg = Release|Any CPU
		{44611DB1-3A4F-4F8F-8A5F-F57E2ABDA90C}.Release|x64.Build.0 = Release|Any CPU
		{44611DB1-3A4F-4F8F-8A5F-F57E2ABDA90C}.Release|x86.ActiveCfg = Release|Any CPU
		{44611DB1-3A4F-4F8F-8A5F-F57E2ABDA90C}.Release|x86.Build.0 = Release|Any CPU
	EndGlobalSection
	GlobalSection(SolutionProperties) = preSolution
		HideSolutionNode = FALSE
	EndGlobalSection
	GlobalSection(NestedProjects) = preSolution
		{64CE6E24-7B09-41E5-8AB5-6C4D5ED2F681} = {851C0A16-DCD2-42E7-B2E9-0D4834E58644}
		{44611DB1-3A4F-4F8F-8A5F-F57E2ABDA90C} = {0274437F-95AE-454D-A5EE-F4F8A0A308EE}
	EndGlobalSection
	GlobalSection(ExtensibilityGlobals) = postSolution
		SolutionGuid = {801700fe-8b01-4870-81c7-1a177529a0e5}
	EndGlobalSection
EndGlobal
